// !$*UTF8*$!
{
	archiveVersion = 1;
	classes = {
	};
	objectVersion = 55;
	objects = {

/* Begin PBXBuildFile section */
		1F1463422822499D008055FC /* AppDelegate.swift in Sources */ = {isa = PBXBuildFile; fileRef = 1F1463412822499D008055FC /* AppDelegate.swift */; };
		1F1463442822499D008055FC /* SceneDelegate.swift in Sources */ = {isa = PBXBuildFile; fileRef = 1F1463432822499D008055FC /* SceneDelegate.swift */; };
		1F1463462822499D008055FC /* ViewController.swift in Sources */ = {isa = PBXBuildFile; fileRef = 1F1463452822499D008055FC /* ViewController.swift */; };
		1F1463492822499D008055FC /* Main.storyboard in Resources */ = {isa = PBXBuildFile; fileRef = 1F1463472822499D008055FC /* Main.storyboard */; };
		1F14634B2822499E008055FC /* Assets.xcassets in Resources */ = {isa = PBXBuildFile; fileRef = 1F14634A2822499E008055FC /* Assets.xcassets */; };
		1F14634E2822499E008055FC /* LaunchScreen.storyboard in Resources */ = {isa = PBXBuildFile; fileRef = 1F14634C2822499E008055FC /* LaunchScreen.storyboard */; };
		1F1463592822499E008055FC /* iKidTests.swift in Sources */ = {isa = PBXBuildFile; fileRef = 1F1463582822499E008055FC /* iKidTests.swift */; };
		1F1463632822499E008055FC /* iKidUITests.swift in Sources */ = {isa = PBXBuildFile; fileRef = 1F1463622822499E008055FC /* iKidUITests.swift */; };
		1F1463652822499E008055FC /* iKidUITestsLaunchTests.swift in Sources */ = {isa = PBXBuildFile; fileRef = 1F1463642822499E008055FC /* iKidUITestsLaunchTests.swift */; };
		1F653D0228226CED00D91F92 /* GoodJokesViewController.swift in Sources */ = {isa = PBXBuildFile; fileRef = 1F653D0128226CED00D91F92 /* GoodJokesViewController.swift */; };
		1F653D04282272F100D91F92 /* GoodJokesViewControllerAnswer.swift in Sources */ = {isa = PBXBuildFile; fileRef = 1F653D03282272F100D91F92 /* GoodJokesViewControllerAnswer.swift */; };
		1F653D062822791800D91F92 /* GoodJokesViewControllerQuestion.swift in Sources */ = {isa = PBXBuildFile; fileRef = 1F653D052822791800D91F92 /* GoodJokesViewControllerQuestion.swift */; };
		1F653D0C28228F9F00D91F92 /* GoodJokesTwoViewControllerQuestion.swift in Sources */ = {isa = PBXBuildFile; fileRef = 1F653D0B28228F9F00D91F92 /* GoodJokesTwoViewControllerQuestion.swift */; };
		1F653D0E2822922000D91F92 /* GoodJokesTwoViewControllerAnswer.swift in Sources */ = {isa = PBXBuildFile; fileRef = 1F653D0D2822922000D91F92 /* GoodJokesTwoViewControllerAnswer.swift */; };
		1F653D102822955500D91F92 /* GoodJokeThreeViewControllerQuestion.swift in Sources */ = {isa = PBXBuildFile; fileRef = 1F653D0F2822955500D91F92 /* GoodJokeThreeViewControllerQuestion.swift */; };
		1F653D122822955F00D91F92 /* GoodJokeThreeViewControllerAnswer.swift in Sources */ = {isa = PBXBuildFile; fileRef = 1F653D112822955F00D91F92 /* GoodJokeThreeViewControllerAnswer.swift */; };
		1F653D142823200D00D91F92 /* PunJokeViewController.swift in Sources */ = {isa = PBXBuildFile; fileRef = 1F653D132823200D00D91F92 /* PunJokeViewController.swift */; };
		1F653D162823BB4500D91F92 /* PunJokeOneQuestionViewController.swift in Sources */ = {isa = PBXBuildFile; fileRef = 1F653D152823BB4400D91F92 /* PunJokeOneQuestionViewController.swift */; };
		1F653D222823BC1300D91F92 /* PunJokeOneAnswerViewController.swift in Sources */ = {isa = PBXBuildFile; fileRef = 1F653D212823BC1300D91F92 /* PunJokeOneAnswerViewController.swift */; };
		1F653D242823BC1C00D91F92 /* PunJokeTwoQuestionViewController.swift in Sources */ = {isa = PBXBuildFile; fileRef = 1F653D232823BC1C00D91F92 /* PunJokeTwoQuestionViewController.swift */; };
		1F653D262823BC2D00D91F92 /* PunJokeTwoAnswerViewController.swift in Sources */ = {isa = PBXBuildFile; fileRef = 1F653D252823BC2D00D91F92 /* PunJokeTwoAnswerViewController.swift */; };
		1F653D282823BC6600D91F92 /* PunJokeThreeQuestionViewController.swift in Sources */ = {isa = PBXBuildFile; fileRef = 1F653D272823BC6600D91F92 /* PunJokeThreeQuestionViewController.swift */; };
		1F653D2A2823BC7100D91F92 /* PunJokeThreeAnswerViewController.swift in Sources */ = {isa = PBXBuildFile; fileRef = 1F653D292823BC7100D91F92 /* PunJokeThreeAnswerViewController.swift */; };
/* End PBXBuildFile section */

/* Begin PBXContainerItemProxy section */
		1F1463552822499E008055FC /* PBXContainerItemProxy */ = {
			isa = PBXContainerItemProxy;
			containerPortal = 1F1463362822499C008055FC /* Project object */;
			proxyType = 1;
			remoteGlobalIDString = 1F14633D2822499C008055FC;
			remoteInfo = iKid;
		};
		1F14635F2822499E008055FC /* PBXContainerItemProxy */ = {
			isa = PBXContainerItemProxy;
			containerPortal = 1F1463362822499C008055FC /* Project object */;
			proxyType = 1;
			remoteGlobalIDString = 1F14633D2822499C008055FC;
			remoteInfo = iKid;
		};
/* End PBXContainerItemProxy section */

/* Begin PBXFileReference section */
		1F14633E2822499D008055FC /* iKid.app */ = {isa = PBXFileReference; explicitFileType = wrapper.application; includeInIndex = 0; path = iKid.app; sourceTree = BUILT_PRODUCTS_DIR; };
		1F1463412822499D008055FC /* AppDelegate.swift */ = {isa = PBXFileReference; lastKnownFileType = sourcecode.swift; path = AppDelegate.swift; sourceTree = "<group>"; };
		1F1463432822499D008055FC /* SceneDelegate.swift */ = {isa = PBXFileReference; lastKnownFileType = sourcecode.swift; path = SceneDelegate.swift; sourceTree = "<group>"; };
		1F1463452822499D008055FC /* ViewController.swift */ = {isa = PBXFileReference; lastKnownFileType = sourcecode.swift; path = ViewController.swift; sourceTree = "<group>"; };
		1F1463482822499D008055FC /* Base */ = {isa = PBXFileReference; lastKnownFileType = file.storyboard; name = Base; path = Base.lproj/Main.storyboard; sourceTree = "<group>"; };
		1F14634A2822499E008055FC /* Assets.xcassets */ = {isa = PBXFileReference; lastKnownFileType = folder.assetcatalog; path = Assets.xcassets; sourceTree = "<group>"; };
		1F14634D2822499E008055FC /* Base */ = {isa = PBXFileReference; lastKnownFileType = file.storyboard; name = Base; path = Base.lproj/LaunchScreen.storyboard; sourceTree = "<group>"; };
		1F14634F2822499E008055FC /* Info.plist */ = {isa = PBXFileReference; lastKnownFileType = text.plist.xml; path = Info.plist; sourceTree = "<group>"; };
		1F1463542822499E008055FC /* iKidTests.xctest */ = {isa = PBXFileReference; explicitFileType = wrapper.cfbundle; includeInIndex = 0; path = iKidTests.xctest; sourceTree = BUILT_PRODUCTS_DIR; };
		1F1463582822499E008055FC /* iKidTests.swift */ = {isa = PBXFileReference; lastKnownFileType = sourcecode.swift; path = iKidTests.swift; sourceTree = "<group>"; };
		1F14635E2822499E008055FC /* iKidUITests.xctest */ = {isa = PBXFileReference; explicitFileType = wrapper.cfbundle; includeInIndex = 0; path = iKidUITests.xctest; sourceTree = BUILT_PRODUCTS_DIR; };
		1F1463622822499E008055FC /* iKidUITests.swift */ = {isa = PBXFileReference; lastKnownFileType = sourcecode.swift; path = iKidUITests.swift; sourceTree = "<group>"; };
		1F1463642822499E008055FC /* iKidUITestsLaunchTests.swift */ = {isa = PBXFileReference; lastKnownFileType = sourcecode.swift; path = iKidUITestsLaunchTests.swift; sourceTree = "<group>"; };
		1F653D0128226CED00D91F92 /* GoodJokesViewController.swift */ = {isa = PBXFileReference; lastKnownFileType = sourcecode.swift; path = GoodJokesViewController.swift; sourceTree = "<group>"; };
		1F653D03282272F100D91F92 /* GoodJokesViewControllerAnswer.swift */ = {isa = PBXFileReference; lastKnownFileType = sourcecode.swift; path = GoodJokesViewControllerAnswer.swift; sourceTree = "<group>"; };
		1F653D052822791800D91F92 /* GoodJokesViewControllerQuestion.swift */ = {isa = PBXFileReference; lastKnownFileType = sourcecode.swift; path = GoodJokesViewControllerQuestion.swift; sourceTree = "<group>"; };
		1F653D0B28228F9F00D91F92 /* GoodJokesTwoViewControllerQuestion.swift */ = {isa = PBXFileReference; lastKnownFileType = sourcecode.swift; path = GoodJokesTwoViewControllerQuestion.swift; sourceTree = "<group>"; };
		1F653D0D2822922000D91F92 /* GoodJokesTwoViewControllerAnswer.swift */ = {isa = PBXFileReference; lastKnownFileType = sourcecode.swift; path = GoodJokesTwoViewControllerAnswer.swift; sourceTree = "<group>"; };
		1F653D0F2822955500D91F92 /* GoodJokeThreeViewControllerQuestion.swift */ = {isa = PBXFileReference; lastKnownFileType = sourcecode.swift; path = GoodJokeThreeViewControllerQuestion.swift; sourceTree = "<group>"; };
		1F653D112822955F00D91F92 /* GoodJokeThreeViewControllerAnswer.swift */ = {isa = PBXFileReference; lastKnownFileType = sourcecode.swift; path = GoodJokeThreeViewControllerAnswer.swift; sourceTree = "<group>"; };
		1F653D132823200D00D91F92 /* PunJokeViewController.swift */ = {isa = PBXFileReference; lastKnownFileType = sourcecode.swift; path = PunJokeViewController.swift; sourceTree = "<group>"; };
		1F653D152823BB4400D91F92 /* PunJokeOneQuestionViewController.swift */ = {isa = PBXFileReference; lastKnownFileType = sourcecode.swift; path = PunJokeOneQuestionViewController.swift; sourceTree = "<group>"; };
		1F653D212823BC1300D91F92 /* PunJokeOneAnswerViewController.swift */ = {isa = PBXFileReference; lastKnownFileType = sourcecode.swift; path = PunJokeOneAnswerViewController.swift; sourceTree = "<group>"; };
		1F653D232823BC1C00D91F92 /* PunJokeTwoQuestionViewController.swift */ = {isa = PBXFileReference; lastKnownFileType = sourcecode.swift; path = PunJokeTwoQuestionViewController.swift; sourceTree = "<group>"; };
		1F653D252823BC2D00D91F92 /* PunJokeTwoAnswerViewController.swift */ = {isa = PBXFileReference; lastKnownFileType = sourcecode.swift; path = PunJokeTwoAnswerViewController.swift; sourceTree = "<group>"; };
		1F653D272823BC6600D91F92 /* PunJokeThreeQuestionViewController.swift */ = {isa = PBXFileReference; lastKnownFileType = sourcecode.swift; path = PunJokeThreeQuestionViewController.swift; sourceTree = "<group>"; };
		1F653D292823BC7100D91F92 /* PunJokeThreeAnswerViewController.swift */ = {isa = PBXFileReference; lastKnownFileType = sourcecode.swift; path = PunJokeThreeAnswerViewController.swift; sourceTree = "<group>"; };
/* End PBXFileReference section */

/* Begin PBXFrameworksBuildPhase section */
		1F14633B2822499C008055FC /* Frameworks */ = {
			isa = PBXFrameworksBuildPhase;
			buildActionMask = 2147483647;
			files = (
			);
			runOnlyForDeploymentPostprocessing = 0;
		};
		1F1463512822499E008055FC /* Frameworks */ = {
			isa = PBXFrameworksBuildPhase;
			buildActionMask = 2147483647;
			files = (
			);
			runOnlyForDeploymentPostprocessing = 0;
		};
		1F14635B2822499E008055FC /* Frameworks */ = {
			isa = PBXFrameworksBuildPhase;
			buildActionMask = 2147483647;
			files = (
			);
			runOnlyForDeploymentPostprocessing = 0;
		};
/* End PBXFrameworksBuildPhase section */

/* Begin PBXGroup section */
		1F1463352822499C008055FC = {
			isa = PBXGroup;
			children = (
				1F1463402822499D008055FC /* iKid */,
				1F1463572822499E008055FC /* iKidTests */,
				1F1463612822499E008055FC /* iKidUITests */,
				1F14633F2822499D008055FC /* Products */,
			);
			sourceTree = "<group>";
		};
		1F14633F2822499D008055FC /* Products */ = {
			isa = PBXGroup;
			children = (
				1F14633E2822499D008055FC /* iKid.app */,
				1F1463542822499E008055FC /* iKidTests.xctest */,
				1F14635E2822499E008055FC /* iKidUITests.xctest */,
			);
			name = Products;
			sourceTree = "<group>";
		};
		1F1463402822499D008055FC /* iKid */ = {
			isa = PBXGroup;
			children = (
				1F1463412822499D008055FC /* AppDelegate.swift */,
				1F1463432822499D008055FC /* SceneDelegate.swift */,
				1F1463452822499D008055FC /* ViewController.swift */,
				1F1463472822499D008055FC /* Main.storyboard */,
				1F14634A2822499E008055FC /* Assets.xcassets */,
				1F14634C2822499E008055FC /* LaunchScreen.storyboard */,
				1F14634F2822499E008055FC /* Info.plist */,
				1F653D0128226CED00D91F92 /* GoodJokesViewController.swift */,
				1F653D03282272F100D91F92 /* GoodJokesViewControllerAnswer.swift */,
				1F653D052822791800D91F92 /* GoodJokesViewControllerQuestion.swift */,
				1F653D0B28228F9F00D91F92 /* GoodJokesTwoViewControllerQuestion.swift */,
				1F653D0D2822922000D91F92 /* GoodJokesTwoViewControllerAnswer.swift */,
				1F653D0F2822955500D91F92 /* GoodJokeThreeViewControllerQuestion.swift */,
				1F653D112822955F00D91F92 /* GoodJokeThreeViewControllerAnswer.swift */,
				1F653D132823200D00D91F92 /* PunJokeViewController.swift */,
				1F653D152823BB4400D91F92 /* PunJokeOneQuestionViewController.swift */,
				1F653D212823BC1300D91F92 /* PunJokeOneAnswerViewController.swift */,
				1F653D232823BC1C00D91F92 /* PunJokeTwoQuestionViewController.swift */,
				1F653D252823BC2D00D91F92 /* PunJokeTwoAnswerViewController.swift */,
				1F653D272823BC6600D91F92 /* PunJokeThreeQuestionViewController.swift */,
				1F653D292823BC7100D91F92 /* PunJokeThreeAnswerViewController.swift */,
			);
			path = iKid;
			sourceTree = "<group>";
		};
		1F1463572822499E008055FC /* iKidTests */ = {
			isa = PBXGroup;
			children = (
				1F1463582822499E008055FC /* iKidTests.swift */,
			);
			path = iKidTests;
			sourceTree = "<group>";
		};
		1F1463612822499E008055FC /* iKidUITests */ = {
			isa = PBXGroup;
			children = (
				1F1463622822499E008055FC /* iKidUITests.swift */,
				1F1463642822499E008055FC /* iKidUITestsLaunchTests.swift */,
			);
			path = iKidUITests;
			sourceTree = "<group>";
		};
/* End PBXGroup section */

/* Begin PBXNativeTarget section */
		1F14633D2822499C008055FC /* iKid */ = {
			isa = PBXNativeTarget;
			buildConfigurationList = 1F1463682822499E008055FC /* Build configuration list for PBXNativeTarget "iKid" */;
			buildPhases = (
				1F14633A2822499C008055FC /* Sources */,
				1F14633B2822499C008055FC /* Frameworks */,
				1F14633C2822499C008055FC /* Resources */,
			);
			buildRules = (
			);
			dependencies = (
			);
			name = iKid;
			productName = iKid;
			productReference = 1F14633E2822499D008055FC /* iKid.app */;
			productType = "com.apple.product-type.application";
		};
		1F1463532822499E008055FC /* iKidTests */ = {
			isa = PBXNativeTarget;
			buildConfigurationList = 1F14636B2822499E008055FC /* Build configuration list for PBXNativeTarget "iKidTests" */;
			buildPhases = (
				1F1463502822499E008055FC /* Sources */,
				1F1463512822499E008055FC /* Frameworks */,
				1F1463522822499E008055FC /* Resources */,
			);
			buildRules = (
			);
			dependencies = (
				1F1463562822499E008055FC /* PBXTargetDependency */,
			);
			name = iKidTests;
			productName = iKidTests;
			productReference = 1F1463542822499E008055FC /* iKidTests.xctest */;
			productType = "com.apple.product-type.bundle.unit-test";
		};
		1F14635D2822499E008055FC /* iKidUITests */ = {
			isa = PBXNativeTarget;
			buildConfigurationList = 1F14636E2822499E008055FC /* Build configuration list for PBXNativeTarget "iKidUITests" */;
			buildPhases = (
				1F14635A2822499E008055FC /* Sources */,
				1F14635B2822499E008055FC /* Frameworks */,
				1F14635C2822499E008055FC /* Resources */,
			);
			buildRules = (
			);
			dependencies = (
				1F1463602822499E008055FC /* PBXTargetDependency */,
			);
			name = iKidUITests;
			productName = iKidUITests;
			productReference = 1F14635E2822499E008055FC /* iKidUITests.xctest */;
			productType = "com.apple.product-type.bundle.ui-testing";
		};
/* End PBXNativeTarget section */

/* Begin PBXProject section */
		1F1463362822499C008055FC /* Project object */ = {
			isa = PBXProject;
			attributes = {
				BuildIndependentTargetsInParallel = 1;
				LastSwiftUpdateCheck = 1330;
				LastUpgradeCheck = 1330;
				TargetAttributes = {
					1F14633D2822499C008055FC = {
						CreatedOnToolsVersion = 13.3.1;
					};
					1F1463532822499E008055FC = {
						CreatedOnToolsVersion = 13.3.1;
						TestTargetID = 1F14633D2822499C008055FC;
					};
					1F14635D2822499E008055FC = {
						CreatedOnToolsVersion = 13.3.1;
						TestTargetID = 1F14633D2822499C008055FC;
					};
				};
			};
			buildConfigurationList = 1F1463392822499C008055FC /* Build configuration list for PBXProject "iKid" */;
			compatibilityVersion = "Xcode 13.0";
			developmentRegion = en;
			hasScannedForEncodings = 0;
			knownRegions = (
				en,
				Base,
			);
			mainGroup = 1F1463352822499C008055FC;
			productRefGroup = 1F14633F2822499D008055FC /* Products */;
			projectDirPath = "";
			projectRoot = "";
			targets = (
				1F14633D2822499C008055FC /* iKid */,
				1F1463532822499E008055FC /* iKidTests */,
				1F14635D2822499E008055FC /* iKidUITests */,
			);
		};
/* End PBXProject section */

/* Begin PBXResourcesBuildPhase section */
		1F14633C2822499C008055FC /* Resources */ = {
			isa = PBXResourcesBuildPhase;
			buildActionMask = 2147483647;
			files = (
				1F14634E2822499E008055FC /* LaunchScreen.storyboard in Resources */,
				1F14634B2822499E008055FC /* Assets.xcassets in Resources */,
				1F1463492822499D008055FC /* Main.storyboard in Resources */,
			);
			runOnlyForDeploymentPostprocessing = 0;
		};
		1F1463522822499E008055FC /* Resources */ = {
			isa = PBXResourcesBuildPhase;
			buildActionMask = 2147483647;
			files = (
			);
			runOnlyForDeploymentPostprocessing = 0;
		};
		1F14635C2822499E008055FC /* Resources */ = {
			isa = PBXResourcesBuildPhase;
			buildActionMask = 2147483647;
			files = (
			);
			runOnlyForDeploymentPostprocessing = 0;
		};
/* End PBXResourcesBuildPhase section */

/* Begin PBXSourcesBuildPhase section */
		1F14633A2822499C008055FC /* Sources */ = {
			isa = PBXSourcesBuildPhase;
			buildActionMask = 2147483647;
			files = (
				1F653D062822791800D91F92 /* GoodJokesViewControllerQuestion.swift in Sources */,
				1F653D0228226CED00D91F92 /* GoodJokesViewController.swift in Sources */,
				1F653D0C28228F9F00D91F92 /* GoodJokesTwoViewControllerQuestion.swift in Sources */,
				1F1463462822499D008055FC /* ViewController.swift in Sources */,
				1F1463422822499D008055FC /* AppDelegate.swift in Sources */,
				1F653D142823200D00D91F92 /* PunJokeViewController.swift in Sources */,
				1F653D162823BB4500D91F92 /* PunJokeOneQuestionViewController.swift in Sources */,
				1F653D122822955F00D91F92 /* GoodJokeThreeViewControllerAnswer.swift in Sources */,
				1F653D04282272F100D91F92 /* GoodJokesViewControllerAnswer.swift in Sources */,
				1F653D262823BC2D00D91F92 /* PunJokeTwoAnswerViewController.swift in Sources */,
				1F653D102822955500D91F92 /* GoodJokeThreeViewControllerQuestion.swift in Sources */,
				1F1463442822499D008055FC /* SceneDelegate.swift in Sources */,
				1F653D222823BC1300D91F92 /* PunJokeOneAnswerViewController.swift in Sources */,
				1F653D242823BC1C00D91F92 /* PunJokeTwoQuestionViewController.swift in Sources */,
				1F653D282823BC6600D91F92 /* PunJokeThreeQuestionViewController.swift in Sources */,
				1F653D2A2823BC7100D91F92 /* PunJokeThreeAnswerViewController.swift in Sources */,
				1F653D0E2822922000D91F92 /* GoodJokesTwoViewControllerAnswer.swift in Sources */,
			);
			runOnlyForDeploymentPostprocessing = 0;
		};
		1F1463502822499E008055FC /* Sources */ = {
			isa = PBXSourcesBuildPhase;
			buildActionMask = 2147483647;
			files = (
				1F1463592822499E008055FC /* iKidTests.swift in Sources */,
			);
			runOnlyForDeploymentPostprocessing = 0;
		};
		1F14635A2822499E008055FC /* Sources */ = {
			isa = PBXSourcesBuildPhase;
			buildActionMask = 2147483647;
			files = (
				1F1463632822499E008055FC /* iKidUITests.swift in Sources */,
				1F1463652822499E008055FC /* iKidUITestsLaunchTests.swift in Sources */,
			);
			runOnlyForDeploymentPostprocessing = 0;
		};
/* End PBXSourcesBuildPhase section */

/* Begin PBXTargetDependency section */
		1F1463562822499E008055FC /* PBXTargetDependency */ = {
			isa = PBXTargetDependency;
			target = 1F14633D2822499C008055FC /* iKid */;
			targetProxy = 1F1463552822499E008055FC /* PBXContainerItemProxy */;
		};
		1F1463602822499E008055FC /* PBXTargetDependency */ = {
			isa = PBXTargetDependency;
			target = 1F14633D2822499C008055FC /* iKid */;
			targetProxy = 1F14635F2822499E008055FC /* PBXContainerItemProxy */;
		};
/* End PBXTargetDependency section */

/* Begin PBXVariantGroup section */
		1F1463472822499D008055FC /* Main.storyboard */ = {
			isa = PBXVariantGroup;
			children = (
				1F1463482822499D008055FC /* Base */,
			);
			name = Main.storyboard;
			sourceTree = "<group>";
		};
		1F14634C2822499E008055FC /* LaunchScreen.storyboard */ = {
			isa = PBXVariantGroup;
			children = (
				1F14634D2822499E008055FC /* Base */,
			);
			name = LaunchScreen.storyboard;
			sourceTree = "<group>";
		};
/* End PBXVariantGroup section */

/* Begin XCBuildConfiguration section */
		1F1463662822499E008055FC /* Debug */ = {
			isa = XCBuildConfiguration;
			buildSettings = {
				ALWAYS_SEARCH_USER_PATHS = NO;
				CLANG_ANALYZER_NONNULL = YES;
				CLANG_ANALYZER_NUMBER_OBJECT_CONVERSION = YES_AGGRESSIVE;
				CLANG_CXX_LANGUAGE_STANDARD = "gnu++17";
				CLANG_ENABLE_MODULES = YES;
				CLANG_ENABLE_OBJC_ARC = YES;
				CLANG_ENABLE_OBJC_WEAK = YES;
				CLANG_WARN_BLOCK_CAPTURE_AUTORELEASING = YES;
				CLANG_WARN_BOOL_CONVERSION = YES;
				CLANG_WARN_COMMA = YES;
				CLANG_WARN_CONSTANT_CONVERSION = YES;
				CLANG_WARN_DEPRECATED_OBJC_IMPLEMENTATIONS = YES;
				CLANG_WARN_DIRECT_OBJC_ISA_USAGE = YES_ERROR;
				CLANG_WARN_DOCUMENTATION_COMMENTS = YES;
				CLANG_WARN_EMPTY_BODY = YES;
				CLANG_WARN_ENUM_CONVERSION = YES;
				CLANG_WARN_INFINITE_RECURSION = YES;
				CLANG_WARN_INT_CONVERSION = YES;
				CLANG_WARN_NON_LITERAL_NULL_CONVERSION = YES;
				CLANG_WARN_OBJC_IMPLICIT_RETAIN_SELF = YES;
				CLANG_WARN_OBJC_LITERAL_CONVERSION = YES;
				CLANG_WARN_OBJC_ROOT_CLASS = YES_ERROR;
				CLANG_WARN_QUOTED_INCLUDE_IN_FRAMEWORK_HEADER = YES;
				CLANG_WARN_RANGE_LOOP_ANALYSIS = YES;
				CLANG_WARN_STRICT_PROTOTYPES = YES;
				CLANG_WARN_SUSPICIOUS_MOVE = YES;
				CLANG_WARN_UNGUARDED_AVAILABILITY = YES_AGGRESSIVE;
				CLANG_WARN_UNREACHABLE_CODE = YES;
				CLANG_WARN__DUPLICATE_METHOD_MATCH = YES;
				COPY_PHASE_STRIP = NO;
				DEBUG_INFORMATION_FORMAT = dwarf;
				ENABLE_STRICT_OBJC_MSGSEND = YES;
				ENABLE_TESTABILITY = YES;
				GCC_C_LANGUAGE_STANDARD = gnu11;
				GCC_DYNAMIC_NO_PIC = NO;
				GCC_NO_COMMON_BLOCKS = YES;
				GCC_OPTIMIZATION_LEVEL = 0;
				GCC_PREPROCESSOR_DEFINITIONS = (
					"DEBUG=1",
					"$(inherited)",
				);
				GCC_WARN_64_TO_32_BIT_CONVERSION = YES;
				GCC_WARN_ABOUT_RETURN_TYPE = YES_ERROR;
				GCC_WARN_UNDECLARED_SELECTOR = YES;
				GCC_WARN_UNINITIALIZED_AUTOS = YES_AGGRESSIVE;
				GCC_WARN_UNUSED_FUNCTION = YES;
				GCC_WARN_UNUSED_VARIABLE = YES;
				IPHONEOS_DEPLOYMENT_TARGET = 15.4;
				MTL_ENABLE_DEBUG_INFO = INCLUDE_SOURCE;
				MTL_FAST_MATH = YES;
				ONLY_ACTIVE_ARCH = YES;
				SDKROOT = iphoneos;
				SWIFT_ACTIVE_COMPILATION_CONDITIONS = DEBUG;
				SWIFT_OPTIMIZATION_LEVEL = "-Onone";
			};
			name = Debug;
		};
		1F1463672822499E008055FC /* Release */ = {
			isa = XCBuildConfiguration;
			buildSettings = {
				ALWAYS_SEARCH_USER_PATHS = NO;
				CLANG_ANALYZER_NONNULL = YES;
				CLANG_ANALYZER_NUMBER_OBJECT_CONVERSION = YES_AGGRESSIVE;
				CLANG_CXX_LANGUAGE_STANDARD = "gnu++17";
				CLANG_ENABLE_MODULES = YES;
				CLANG_ENABLE_OBJC_ARC = YES;
				CLANG_ENABLE_OBJC_WEAK = YES;
				CLANG_WARN_BLOCK_CAPTURE_AUTORELEASING = YES;
				CLANG_WARN_BOOL_CONVERSION = YES;
				CLANG_WARN_COMMA = YES;
				CLANG_WARN_CONSTANT_CONVERSION = YES;
				CLANG_WARN_DEPRECATED_OBJC_IMPLEMENTATIONS = YES;
				CLANG_WARN_DIRECT_OBJC_ISA_USAGE = YES_ERROR;
				CLANG_WARN_DOCUMENTATION_COMMENTS = YES;
				CLANG_WARN_EMPTY_BODY = YES;
				CLANG_WARN_ENUM_CONVERSION = YES;
				CLANG_WARN_INFINITE_RECURSION = YES;
				CLANG_WARN_INT_CONVERSION = YES;
				CLANG_WARN_NON_LITERAL_NULL_CONVERSION = YES;
				CLANG_WARN_OBJC_IMPLICIT_RETAIN_SELF = YES;
				CLANG_WARN_OBJC_LITERAL_CONVERSION = YES;
				CLANG_WARN_OBJC_ROOT_CLASS = YES_ERROR;
				CLANG_WARN_QUOTED_INCLUDE_IN_FRAMEWORK_HEADER = YES;
				CLANG_WARN_RANGE_LOOP_ANALYSIS = YES;
				CLANG_WARN_STRICT_PROTOTYPES = YES;
				CLANG_WARN_SUSPICIOUS_MOVE = YES;
				CLANG_WARN_UNGUARDED_AVAILABILITY = YES_AGGRESSIVE;
				CLANG_WARN_UNREACHABLE_CODE = YES;
				CLANG_WARN__DUPLICATE_METHOD_MATCH = YES;
				COPY_PHASE_STRIP = NO;
				DEBUG_INFORMATION_FORMAT = "dwarf-with-dsym";
				ENABLE_NS_ASSERTIONS = NO;
				ENABLE_STRICT_OBJC_MSGSEND = YES;
				GCC_C_LANGUAGE_STANDARD = gnu11;
				GCC_NO_COMMON_BLOCKS = YES;
				GCC_WARN_64_TO_32_BIT_CONVERSION = YES;
				GCC_WARN_ABOUT_RETURN_TYPE = YES_ERROR;
				GCC_WARN_UNDECLARED_SELECTOR = YES;
				GCC_WARN_UNINITIALIZED_AUTOS = YES_AGGRESSIVE;
				GCC_WARN_UNUSED_FUNCTION = YES;
				GCC_WARN_UNUSED_VARIABLE = YES;
				IPHONEOS_DEPLOYMENT_TARGET = 15.4;
				MTL_ENABLE_DEBUG_INFO = NO;
				MTL_FAST_MATH = YES;
				SDKROOT = iphoneos;
				SWIFT_COMPILATION_MODE = wholemodule;
				SWIFT_OPTIMIZATION_LEVEL = "-O";
				VALIDATE_PRODUCT = YES;
			};
			name = Release;
		};
		1F1463692822499E008055FC /* Debug */ = {
			isa = XCBuildConfiguration;
			buildSettings = {
				ASSETCATALOG_COMPILER_APPICON_NAME = AppIcon;
				ASSETCATALOG_COMPILER_GLOBAL_ACCENT_COLOR_NAME = AccentColor;
				CODE_SIGN_STYLE = Automatic;
				CURRENT_PROJECT_VERSION = 1;
				GENERATE_INFOPLIST_FILE = YES;
				INFOPLIST_FILE = iKid/Info.plist;
				INFOPLIST_KEY_UIApplicationSupportsIndirectInputEvents = YES;
				INFOPLIST_KEY_UILaunchStoryboardName = LaunchScreen;
				INFOPLIST_KEY_UIMainStoryboardFile = Main;
				INFOPLIST_KEY_UISupportedInterfaceOrientations_iPad = "UIInterfaceOrientationPortrait UIInterfaceOrientationPortraitUpsideDown UIInterfaceOrientationLandscapeLeft UIInterfaceOrientationLandscapeRight";
				INFOPLIST_KEY_UISupportedInterfaceOrientations_iPhone = "UIInterfaceOrientationPortrait UIInterfaceOrientationLandscapeLeft UIInterfaceOrientationLandscapeRight";
				LD_RUNPATH_SEARCH_PATHS = (
					"$(inherited)",
					"@executable_path/Frameworks",
				);
				MARKETING_VERSION = 1.0;
				PRODUCT_BUNDLE_IDENTIFIER = com.patrickliu.iKid;
				PRODUCT_NAME = "$(TARGET_NAME)";
				SWIFT_EMIT_LOC_STRINGS = YES;
				SWIFT_VERSION = 5.0;
				TARGETED_DEVICE_FAMILY = "1,2";
			};
			name = Debug;
		};
		1F14636A2822499E008055FC /* Release */ = {
			isa = XCBuildConfiguration;
			buildSettings = {
				ASSETCATALOG_COMPILER_APPICON_NAME = AppIcon;
				ASSETCATALOG_COMPILER_GLOBAL_ACCENT_COLOR_NAME = AccentColor;
				CODE_SIGN_STYLE = Automatic;
				CURRENT_PROJECT_VERSION = 1;
				GENERATE_INFOPLIST_FILE = YES;
				INFOPLIST_FILE = iKid/Info.plist;
				INFOPLIST_KEY_UIApplicationSupportsIndirectInputEvents = YES;
				INFOPLIST_KEY_UILaunchStoryboardName = LaunchScreen;
				INFOPLIST_KEY_UIMainStoryboardFile = Main;
				INFOPLIST_KEY_UISupportedInterfaceOrientations_iPad = "UIInterfaceOrientationPortrait UIInterfaceOrientationPortraitUpsideDown UIInterfaceOrientationLandscapeLeft UIInterfaceOrientationLandscapeRight";
				INFOPLIST_KEY_UISupportedInterfaceOrientations_iPhone = "UIInterfaceOrientationPortrait UIInterfaceOrientationLandscapeLeft UIInterfaceOrientationLandscapeRight";
				LD_RUNPATH_SEARCH_PATHS = (
					"$(inherited)",
					"@executable_path/Frameworks",
				);
				MARKETING_VERSION = 1.0;
				PRODUCT_BUNDLE_IDENTIFIER = com.patrickliu.iKid;
				PRODUCT_NAME = "$(TARGET_NAME)";
				SWIFT_EMIT_LOC_STRINGS = YES;
				SWIFT_VERSION = 5.0;
				TARGETED_DEVICE_FAMILY = "1,2";
			};
			name = Release;
		};
		1F14636C2822499E008055FC /* Debug */ = {
			isa = XCBuildConfiguration;
			buildSettings = {
				ALWAYS_EMBED_SWIFT_STANDARD_LIBRARIES = YES;
				BUNDLE_LOADER = "$(TEST_HOST)";
				CODE_SIGN_STYLE = Automatic;
				CURRENT_PROJECT_VERSION = 1;
				GENERATE_INFOPLIST_FILE = YES;
				IPHONEOS_DEPLOYMENT_TARGET = 15.4;
				MARKETING_VERSION = 1.0;
				PRODUCT_BUNDLE_IDENTIFIER = com.patrickliu.iKidTests;
				PRODUCT_NAME = "$(TARGET_NAME)";
				SWIFT_EMIT_LOC_STRINGS = NO;
				SWIFT_VERSION = 5.0;
				TARGETED_DEVICE_FAMILY = "1,2";
				TEST_HOST = "$(BUILT_PRODUCTS_DIR)/iKid.app/iKid";
			};
			name = Debug;
		};
		1F14636D2822499E008055FC /* Release */ = {
			isa = XCBuildConfiguration;
			buildSettings = {
				ALWAYS_EMBED_SWIFT_STANDARD_LIBRARIES = YES;
				BUNDLE_LOADER = "$(TEST_HOST)";
				CODE_SIGN_STYLE = Automatic;
				CURRENT_PROJECT_VERSION = 1;
				GENERATE_INFOPLIST_FILE = YES;
				IPHONEOS_DEPLOYMENT_TARGET = 15.4;
				MARKETING_VERSION = 1.0;
				PRODUCT_BUNDLE_IDENTIFIER = com.patrickliu.iKidTests;
				PRODUCT_NAME = "$(TARGET_NAME)";
				SWIFT_EMIT_LOC_STRINGS = NO;
				SWIFT_VERSION = 5.0;
				TARGETED_DEVICE_FAMILY = "1,2";
				TEST_HOST = "$(BUILT_PRODUCTS_DIR)/iKid.app/iKid";
			};
			name = Release;
		};
		1F14636F2822499E008055FC /* Debug */ = {
			isa = XCBuildConfiguration;
			buildSettings = {
				ALWAYS_EMBED_SWIFT_STANDARD_LIBRARIES = YES;
				CODE_SIGN_STYLE = Automatic;
				CURRENT_PROJECT_VERSION = 1;
				GENERATE_INFOPLIST_FILE = YES;
				MARKETING_VERSION = 1.0;
				PRODUCT_BUNDLE_IDENTIFIER = com.patrickliu.iKidUITests;
				PRODUCT_NAME = "$(TARGET_NAME)";
				SWIFT_EMIT_LOC_STRINGS = NO;
				SWIFT_VERSION = 5.0;
				TARGETED_DEVICE_FAMILY = "1,2";
				TEST_TARGET_NAME = iKid;
			};
			name = Debug;
		};
		1F1463702822499E008055FC /* Release */ = {
			isa = XCBuildConfiguration;
			buildSettings = {
				ALWAYS_EMBED_SWIFT_STANDARD_LIBRARIES = YES;
				CODE_SIGN_STYLE = Automatic;
				CURRENT_PROJECT_VERSION = 1;
				GENERATE_INFOPLIST_FILE = YES;
				MARKETING_VERSION = 1.0;
				PRODUCT_BUNDLE_IDENTIFIER = com.patrickliu.iKidUITests;
				PRODUCT_NAME = "$(TARGET_NAME)";
				SWIFT_EMIT_LOC_STRINGS = NO;
				SWIFT_VERSION = 5.0;
				TARGETED_DEVICE_FAMILY = "1,2";
				TEST_TARGET_NAME = iKid;
			};
			name = Release;
		};
/* End XCBuildConfiguration section */

/* Begin XCConfigurationList section */
		1F1463392822499C008055FC /* Build configuration list for PBXProject "iKid" */ = {
			isa = XCConfigurationList;
			buildConfigurations = (
				1F1463662822499E008055FC /* Debug */,
				1F1463672822499E008055FC /* Release */,
			);
			defaultConfigurationIsVisible = 0;
			defaultConfigurationName = Release;
		};
		1F1463682822499E008055FC /* Build configuration list for PBXNativeTarget "iKid" */ = {
			isa = XCConfigurationList;
			buildConfigurations = (
				1F1463692822499E008055FC /* Debug */,
				1F14636A2822499E008055FC /* Release */,
			);
			defaultConfigurationIsVisible = 0;
			defaultConfigurationName = Release;
		};
		1F14636B2822499E008055FC /* Build configuration list for PBXNativeTarget "iKidTests" */ = {
			isa = XCConfigurationList;
			buildConfigurations = (
				1F14636C2822499E008055FC /* Debug */,
				1F14636D2822499E008055FC /* Release */,
			);
			defaultConfigurationIsVisible = 0;
			defaultConfigurationName = Release;
		};
		1F14636E2822499E008055FC /* Build configuration list for PBXNativeTarget "iKidUITests" */ = {
			isa = XCConfigurationList;
			buildConfigurations = (
				1F14636F2822499E008055FC /* Debug */,
				1F1463702822499E008055FC /* Release */,
			);
			defaultConfigurationIsVisible = 0;
			defaultConfigurationName = Release;
		};
/* End XCConfigurationList section */
	};
	rootObject = 1F1463362822499C008055FC /* Project object */;
}
